
Microsoft Visual Studio Solution File, Format Version 12.00
# Visual Studio Version 16
VisualStudioVersion = 16.0.31729.503
MinimumVisualStudioVersion = 10.0.40219.1
Project("{FAE04EC0-301F-11D3-BF4B-00C04F79EFBC}") = "pop_razvan_lab2", "pop_razvan_lab2\pop_razvan_lab2.csproj", "{668F1099-31C7-4776-A675-7C223953EEAC}"
EndProject
Global
	GlobalSection(SolutionConfigurationPlatforms) = preSolution
		Debug|Any CPU = Debug|Any CPU
		Release|Any CPU = Release|Any CPU
	EndGlobalSection
	GlobalSection(ProjectConfigurationPlatforms) = postSolution
		{668F1099-31C7-4776-A675-7C223953EEAC}.Debug|Any CPU.ActiveCfg = Debug|Any CPU
		{668F1099-31C7-4776-A675-7C223953EEAC}.Debug|Any CPU.Build.0 = Debug|Any CPU
		{668F1099-31C7-4776-A675-7C223953EEAC}.Release|Any CPU.ActiveCfg = Release|Any CPU
		{668F1099-31C7-4776-A675-7C223953EEAC}.Release|Any CPU.Build.0 = Release|Any CPU
	EndGlobalSection
	GlobalSection(SolutionProperties) = preSolution
		HideSolutionNode = FALSE
	EndGlobalSection
	GlobalSection(ExtensibilityGlobals) = postSolution
		SolutionGuid = {E5D53E85-26C5-4189-ADBA-1B40BEE40D48}
	EndGlobalSection
EndGlobal
